
Microsoft Visual Studio Solution File, Format Version 12.00
# Visual Studio Version 17
VisualStudioVersion = 17.6.33801.468
MinimumVisualStudioVersion = 10.0.40219.1
Project("{FAE04EC0-301F-11D3-BF4B-00C04F79EFBC}") = "Consultorio", "Consultorio\Consultorio.csproj", "{C3790CC0-4021-46C0-AD05-DBD3E944B7D0}"
EndProject
Global
	GlobalSection(SolutionConfigurationPlatforms) = preSolution
		Debug|Any CPU = Debug|Any CPU
		Release|Any CPU = Release|Any CPU
	EndGlobalSection
	GlobalSection(ProjectConfigurationPlatforms) = postSolution
		{C3790CC0-4021-46C0-AD05-DBD3E944B7D0}.Debug|Any CPU.ActiveCfg = Debug|Any CPU
		{C3790CC0-4021-46C0-AD05-DBD3E944B7D0}.Debug|Any CPU.Build.0 = Debug|Any CPU
		{C3790CC0-4021-46C0-AD05-DBD3E944B7D0}.Release|Any CPU.ActiveCfg = Release|Any CPU
		{C3790CC0-4021-46C0-AD05-DBD3E944B7D0}.Release|Any CPU.Build.0 = Release|Any CPU
	EndGlobalSection
	GlobalSection(SolutionProperties) = preSolution
		HideSolutionNode = FALSE
	EndGlobalSection
	GlobalSection(ExtensibilityGlobals) = postSolution
		SolutionGuid = {F115F43D-1EBA-4B14-880B-C5D4A1A20FD9}
	EndGlobalSection
EndGlobal
